<Solution>
  <Folder Name="/src/">
    <Project Path="src/CsvToMarkdown.Api/CsvToMarkdown.Api.csproj" />
    <Project Path="src/CsvToMarkdown.Cli/CsvToMarkdown.Cli.csproj" />
    <Project Path="src/CsvToMarkdown/CsvToMarkdown.csproj" />
  </Folder>
  <Folder Name="/tests/">
    <Project Path="tests/CsvToMarkdown.Tests/CsvToMarkdown.Tests.csproj" />
  </Folder>
</Solution>
