
Microsoft Visual Studio Solution File, Format Version 12.00
# Visual Studio Version 17
VisualStudioVersion = 17.0.31903.59
MinimumVisualStudioVersion = 10.0.40219.1
Project("{2150E333-8FDC-42A3-9474-1A3956D46DE8}") = "src", "src", "{827E0CD3-B72D-47B6-A68D-7590B98EB39B}"
EndProject
Project("{FAE04EC0-301F-11D3-BF4B-00C04F79EFBC}") = "CsvToMarkdown", "src\CsvToMarkdown\CsvToMarkdown.csproj", "{BDA1A627-5375-49DA-B2CB-E566B6232361}"
EndProject
Project("{FAE04EC0-301F-11D3-BF4B-00C04F79EFBC}") = "CsvToMarkdown.Cli", "src\CsvToMarkdown.Cli\CsvToMarkdown.Cli.csproj", "{CAE30BD5-A49A-401C-B8C3-40B10F8CBC1D}"
	ProjectSection(ProjectDependencies) = postProject
		{BDA1A627-5375-49DA-B2CB-E566B6232361} = {BDA1A627-5375-49DA-B2CB-E566B6232361}
	EndProjectSection
EndProject
Project("{FAE04EC0-301F-11D3-BF4B-00C04F79EFBC}") = "CsvToMarkdown.Api", "src\CsvToMarkdown.Api\CsvToMarkdown.Api.csproj", "{AC8C1BE4-C603-49FC-A921-19D9031828B4}"
	ProjectSection(ProjectDependencies) = postProject
		{BDA1A627-5375-49DA-B2CB-E566B6232361} = {BDA1A627-5375-49DA-B2CB-E566B6232361}
	EndProjectSection
EndProject
Global
	GlobalSection(SolutionConfigurationPlatforms) = preSolution
		Debug|Any CPU = Debug|Any CPU
		Debug|x64 = Debug|x64
		Debug|x86 = Debug|x86
		Release|Any CPU = Release|Any CPU
		Release|x64 = Release|x64
		Release|x86 = Release|x86
	EndGlobalSection
	GlobalSection(ProjectConfigurationPlatforms) = postSolution
		{BDA1A627-5375-49DA-B2CB-E566B6232361}.Debug|Any CPU.ActiveCfg = Debug|Any CPU
		{BDA1A627-5375-49DA-B2CB-E566B6232361}.Debug|Any CPU.Build.0 = Debug|Any CPU
		{BDA1A627-5375-49DA-B2CB-E566B6232361}.Debug|x64.ActiveCfg = Debug|Any CPU
		{BDA1A627-5375-49DA-B2CB-E566B6232361}.Debug|x64.Build.0 = Debug|Any CPU
		{BDA1A627-5375-49DA-B2CB-E566B6232361}.Debug|x86.ActiveCfg = Debug|Any CPU
		{BDA1A627-5375-49DA-B2CB-E566B6232361}.Debug|x86.Build.0 = Debug|Any CPU
		{BDA1A627-5375-49DA-B2CB-E566B6232361}.Release|Any CPU.ActiveCfg = Release|Any CPU
		{BDA1A627-5375-49DA-B2CB-E566B6232361}.Release|Any CPU.Build.0 = Release|Any CPU
		{BDA1A627-5375-49DA-B2CB-E566B6232361}.Release|x64.ActiveCfg = Release|Any CPU
		{BDA1A627-5375-49DA-B2CB-E566B6232361}.Release|x64.Build.0 = Release|Any CPU
		{BDA1A627-5375-49DA-B2CB-E566B6232361}.Release|x86.ActiveCfg = Release|Any CPU
		{BDA1A627-5375-49DA-B2CB-E566B6232361}.Release|x86.Build.0 = Release|Any CPU
		{CAE30BD5-A49A-401C-B8C3-40B10F8CBC1D}.Debug|Any CPU.ActiveCfg = Debug|Any CPU
		{CAE30BD5-A49A-401C-B8C3-40B10F8CBC1D}.Debug|Any CPU.Build.0 = Debug|Any CPU
		{CAE30BD5-A49A-401C-B8C3-40B10F8CBC1D}.Debug|x64.ActiveCfg = Debug|Any CPU
		{CAE30BD5-A49A-401C-B8C3-40B10F8CBC1D}.Debug|x64.Build.0 = Debug|Any CPU
		{CAE30BD5-A49A-401C-B8C3-40B10F8CBC1D}.Debug|x86.ActiveCfg = Debug|Any CPU
		{CAE30BD5-A49A-401C-B8C3-40B10F8CBC1D}.Debug|x86.Build.0 = Debug|Any CPU
		{CAE30BD5-A49A-401C-B8C3-40B10F8CBC1D}.Release|Any CPU.ActiveCfg = Release|Any CPU
		{CAE30BD5-A49A-401C-B8C3-40B10F8CBC1D}.Release|Any CPU.Build.0 = Release|Any CPU
		{CAE30BD5-A49A-401C-B8C3-40B10F8CBC1D}.Release|x64.ActiveCfg = Release|Any CPU
		{CAE30BD5-A49A-401C-B8C3-40B10F8CBC1D}.Release|x64.Build.0 = Release|Any CPU
		{CAE30BD5-A49A-401C-B8C3-40B10F8CBC1D}.Release|x86.ActiveCfg = Release|Any CPU
		{CAE30BD5-A49A-401C-B8C3-40B10F8CBC1D}.Release|x86.Build.0 = Release|Any CPU
		{AC8C1BE4-C603-49FC-A921-19D9031828B4}.Debug|Any CPU.ActiveCfg = Debug|Any CPU
		{AC8C1BE4-C603-49FC-A921-19D9031828B4}.Debug|Any CPU.Build.0 = Debug|Any CPU
		{AC8C1BE4-C603-49FC-A921-19D9031828B4}.Debug|x64.ActiveCfg = Debug|Any CPU
		{AC8C1BE4-C603-49FC-A921-19D9031828B4}.Debug|x64.Build.0 = Debug|Any CPU
		{AC8C1BE4-C603-49FC-A921-19D9031828B4}.Debug|x86.ActiveCfg = Debug|Any CPU
		{AC8C1BE4-C603-49FC-A921-19D9031828B4}.Debug|x86.Build.0 = Debug|Any CPU
		{AC8C1BE4-C603-49FC-A921-19D9031828B4}.Release|Any CPU.ActiveCfg = Release|Any CPU
		{AC8C1BE4-C603-49FC-A921-19D9031828B4}.Release|Any CPU.Build.0 = Release|Any CPU
		{AC8C1BE4-C603-49FC-A921-19D9031828B4}.Release|x64.ActiveCfg = Release|Any CPU
		{AC8C1BE4-C603-49FC-A921-19D9031828B4}.Release|x64.Build.0 = Release|Any CPU
		{AC8C1BE4-C603-49FC-A921-19D9031828B4}.Release|x86.ActiveCfg = Release|Any CPU
		{AC8C1BE4-C603-49FC-A921-19D9031828B4}.Release|x86.Build.0 = Release|Any CPU
	EndGlobalSection
	GlobalSection(SolutionProperties) = preSolution
		HideSolutionNode = FALSE
	EndGlobalSection
	GlobalSection(NestedProjects) = preSolution
		{BDA1A627-5375-49DA-B2CB-E566B6232361} = {827E0CD3-B72D-47B6-A68D-7590B98EB39B}
		{CAE30BD5-A49A-401C-B8C3-40B10F8CBC1D} = {827E0CD3-B72D-47B6-A68D-7590B98EB39B}
		{AC8C1BE4-C603-49FC-A921-19D9031828B4} = {827E0CD3-B72D-47B6-A68D-7590B98EB39B}
	EndGlobalSection
EndGlobal
